
Microsoft Visual Studio Solution File, Format Version 12.00
# Visual Studio Version 17
VisualStudioVersion = 17.4.33205.214
MinimumVisualStudioVersion = 10.0.40219.1
Project("{FAE04EC0-301F-11D3-BF4B-00C04F79EFBC}") = "Link Stream", "Solnet Link\Link Stream.csproj", "{9B875A4C-1E95-44F1-80AC-D3C0D2F08786}"
EndProject
Project("{FAE04EC0-301F-11D3-BF4B-00C04F79EFBC}") = "LinkClient Example (Dapp)", "LinkClient Example (Wallet)\LinkClient Example (Dapp).csproj", "{26CE512D-208D-4688-B533-EAC6C051A5D5}"
EndProject
Project("{FAE04EC0-301F-11D3-BF4B-00C04F79EFBC}") = "LinkServer Example (Wallet)", "LinkStream Server Example (Wallet)\LinkServer Example (Wallet).csproj", "{BEC68941-405F-46E2-BE5A-61CF708BC984}"
EndProject
Global
	GlobalSection(SolutionConfigurationPlatforms) = preSolution
		Debug|Any CPU = Debug|Any CPU
		Release|Any CPU = Release|Any CPU
	EndGlobalSection
	GlobalSection(ProjectConfigurationPlatforms) = postSolution
		{9B875A4C-1E95-44F1-80AC-D3C0D2F08786}.Debug|Any CPU.ActiveCfg = Debug|Any CPU
		{9B875A4C-1E95-44F1-80AC-D3C0D2F08786}.Debug|Any CPU.Build.0 = Debug|Any CPU
		{9B875A4C-1E95-44F1-80AC-D3C0D2F08786}.Release|Any CPU.ActiveCfg = Release|Any CPU
		{9B875A4C-1E95-44F1-80AC-D3C0D2F08786}.Release|Any CPU.Build.0 = Release|Any CPU
		{26CE512D-208D-4688-B533-EAC6C051A5D5}.Debug|Any CPU.ActiveCfg = Debug|Any CPU
		{26CE512D-208D-4688-B533-EAC6C051A5D5}.Debug|Any CPU.Build.0 = Debug|Any CPU
		{26CE512D-208D-4688-B533-EAC6C051A5D5}.Release|Any CPU.ActiveCfg = Release|Any CPU
		{26CE512D-208D-4688-B533-EAC6C051A5D5}.Release|Any CPU.Build.0 = Release|Any CPU
		{BEC68941-405F-46E2-BE5A-61CF708BC984}.Debug|Any CPU.ActiveCfg = Debug|Any CPU
		{BEC68941-405F-46E2-BE5A-61CF708BC984}.Debug|Any CPU.Build.0 = Debug|Any CPU
		{BEC68941-405F-46E2-BE5A-61CF708BC984}.Release|Any CPU.ActiveCfg = Release|Any CPU
		{BEC68941-405F-46E2-BE5A-61CF708BC984}.Release|Any CPU.Build.0 = Release|Any CPU
	EndGlobalSection
	GlobalSection(SolutionProperties) = preSolution
		HideSolutionNode = FALSE
	EndGlobalSection
	GlobalSection(ExtensibilityGlobals) = postSolution
		SolutionGuid = {1634E8B6-21AA-44EB-BA22-B45EC85DDD83}
	EndGlobalSection
EndGlobal
